// !$*UTF8*$!
{
	archiveVersion = 1;
	classes = {
	};
	objectVersion = 52;
	objects = {

/* Begin PBXBuildFile section */
		0F0D20F1238ABCD9009F30EA /* Lottie in Frameworks */ = {isa = PBXBuildFile; productRef = 0F0D20F0238ABCD9009F30EA /* Lottie */; };
		0F0D20FB238B15C3009F30EA /* loader.json in Resources */ = {isa = PBXBuildFile; fileRef = 0F0D20FA238B15C3009F30EA /* loader.json */; };
		0F0E5DDA239BF6560015AE3E /* MenuView.swift in Sources */ = {isa = PBXBuildFile; fileRef = 0F0E5DD9239BF6560015AE3E /* MenuView.swift */; };
		0F0E5DDC239BFF860015AE3E /* MenuRowView.swift in Sources */ = {isa = PBXBuildFile; fileRef = 0F0E5DDB239BFF860015AE3E /* MenuRowView.swift */; };
		0F137A0A239D95EB00EC6780 /* GoogleService-Info.plist in Resources */ = {isa = PBXBuildFile; fileRef = 0F137A09239D95EB00EC6780 /* GoogleService-Info.plist */; };
		0F283C3E2389C5BA0017F3AA /* WebViewYoutube.swift in Sources */ = {isa = PBXBuildFile; fileRef = 0F283C3D2389C5BA0017F3AA /* WebViewYoutube.swift */; };
		0F5F89F4239F0E9C003ABEAA /* SignUpView.swift in Sources */ = {isa = PBXBuildFile; fileRef = 0F5F89F3239F0E9C003ABEAA /* SignUpView.swift */; };
		0F5F89F6239F0ED6003ABEAA /* AuthView.swift in Sources */ = {isa = PBXBuildFile; fileRef = 0F5F89F5239F0ED6003ABEAA /* AuthView.swift */; };
		0F63E98B23985FBC009A0386 /* LaunchScreenCustom.swift in Sources */ = {isa = PBXBuildFile; fileRef = 0F63E98A23985FBC009A0386 /* LaunchScreenCustom.swift */; };
		0F63E98D23985FD4009A0386 /* HomeView.swift in Sources */ = {isa = PBXBuildFile; fileRef = 0F63E98C23985FD4009A0386 /* HomeView.swift */; };
		0F63E98F2398615A009A0386 /* LaunchScreenEmpty.storyboard in Resources */ = {isa = PBXBuildFile; fileRef = 0F63E98E2398615A009A0386 /* LaunchScreenEmpty.storyboard */; };
		0F76870B23815E0F0023D5D8 /* CharacterView.swift in Sources */ = {isa = PBXBuildFile; fileRef = 0F76870A23815E0F0023D5D8 /* CharacterView.swift */; };
		0F76870F238170910023D5D8 /* SimpsonList.swift in Sources */ = {isa = PBXBuildFile; fileRef = 0F76870E238170910023D5D8 /* SimpsonList.swift */; };
		0F768711238175190023D5D8 /* CharacterDetailView.swift in Sources */ = {isa = PBXBuildFile; fileRef = 0F768710238175190023D5D8 /* CharacterDetailView.swift */; };
		0F7D8F9523836A030062B89C /* CellQuoteView.swift in Sources */ = {isa = PBXBuildFile; fileRef = 0F7D8F9423836A030062B89C /* CellQuoteView.swift */; };
		0F7D8F9723836CC70062B89C /* videoList.json in Resources */ = {isa = PBXBuildFile; fileRef = 0F7D8F9623836CC70062B89C /* videoList.json */; };
		0F7D8F9923836E220062B89C /* Video.swift in Sources */ = {isa = PBXBuildFile; fileRef = 0F7D8F9823836E220062B89C /* Video.swift */; };
		0F7D8F9B2384A6E90062B89C /* PlayerVideoView.swift in Sources */ = {isa = PBXBuildFile; fileRef = 0F7D8F9A2384A6E90062B89C /* PlayerVideoView.swift */; };
		0F7D8F9F2384B81A0062B89C /* ModalVideoView.swift in Sources */ = {isa = PBXBuildFile; fileRef = 0F7D8F9E2384B81A0062B89C /* ModalVideoView.swift */; };
		0F7D8FA52384E8890062B89C /* CircularSpringfieldImage.swift in Sources */ = {isa = PBXBuildFile; fileRef = 0F7D8FA42384E8890062B89C /* CircularSpringfieldImage.swift */; };
		0F7D8FA72384EB8F0062B89C /* ImagePortHome.swift in Sources */ = {isa = PBXBuildFile; fileRef = 0F7D8FA62384EB8F0062B89C /* ImagePortHome.swift */; };
		0FE29E87238029FF00BC68C2 /* AppDelegate.swift in Sources */ = {isa = PBXBuildFile; fileRef = 0FE29E86238029FF00BC68C2 /* AppDelegate.swift */; };
		0FE29E89238029FF00BC68C2 /* SceneDelegate.swift in Sources */ = {isa = PBXBuildFile; fileRef = 0FE29E88238029FF00BC68C2 /* SceneDelegate.swift */; };
		0FE29E8D23802A0000BC68C2 /* Assets.xcassets in Resources */ = {isa = PBXBuildFile; fileRef = 0FE29E8C23802A0000BC68C2 /* Assets.xcassets */; };
		0FE29E9023802A0000BC68C2 /* Preview Assets.xcassets in Resources */ = {isa = PBXBuildFile; fileRef = 0FE29E8F23802A0000BC68C2 /* Preview Assets.xcassets */; };
		0FE29EA2238036B000BC68C2 /* Alamofire in Frameworks */ = {isa = PBXBuildFile; productRef = 0FE29EA1238036B000BC68C2 /* Alamofire */; };
		0FE29EA52380370200BC68C2 /* SwiftyJSON in Frameworks */ = {isa = PBXBuildFile; productRef = 0FE29EA42380370200BC68C2 /* SwiftyJSON */; };
		0FE29EA82380379300BC68C2 /* SDWebImageSwiftUI in Frameworks */ = {isa = PBXBuildFile; productRef = 0FE29EA72380379300BC68C2 /* SDWebImageSwiftUI */; };
		0FE29EAE2380388500BC68C2 /* QuotesDAO.swift in Sources */ = {isa = PBXBuildFile; fileRef = 0FE29EAD2380388500BC68C2 /* QuotesDAO.swift */; };
		0FE29EB02380391B00BC68C2 /* Quote.swift in Sources */ = {isa = PBXBuildFile; fileRef = 0FE29EAF2380391B00BC68C2 /* Quote.swift */; };
		0FE29EB223808CCB00BC68C2 /* QuotesView.swift in Sources */ = {isa = PBXBuildFile; fileRef = 0FE29EB123808CCB00BC68C2 /* QuotesView.swift */; };
		0FE29EB6238097CE00BC68C2 /* PortDetailImage.swift in Sources */ = {isa = PBXBuildFile; fileRef = 0FE29EB5238097CE00BC68C2 /* PortDetailImage.swift */; };
		0FE29EBC2380A83F00BC68C2 /* characters.json in Resources */ = {isa = PBXBuildFile; fileRef = 0FE29EBB2380A83F00BC68C2 /* characters.json */; };
		0FE29EBE2380D42800BC68C2 /* Character.swift in Sources */ = {isa = PBXBuildFile; fileRef = 0FE29EBD2380D42800BC68C2 /* Character.swift */; };
		0FE29EC12380D4AC00BC68C2 /* DataService.swift in Sources */ = {isa = PBXBuildFile; fileRef = 0FE29EC02380D4AC00BC68C2 /* DataService.swift */; };
		0FF4B5BE238F031F00C095ED /* DrawView.swift in Sources */ = {isa = PBXBuildFile; fileRef = 0FF4B5BD238F031F00C095ED /* DrawView.swift */; };
		0FF4B5C0238F080900C095ED /* PKCanvasView.swift in Sources */ = {isa = PBXBuildFile; fileRef = 0FF4B5BF238F080900C095ED /* PKCanvasView.swift */; };
		0FFF45BD239D9BFD00327FA4 /* LoginView.swift in Sources */ = {isa = PBXBuildFile; fileRef = 0FFF45BC239D9BFD00327FA4 /* LoginView.swift */; };
		0FFF45BF239D9D2600327FA4 /* SessionView.swift in Sources */ = {isa = PBXBuildFile; fileRef = 0FFF45BE239D9D2600327FA4 /* SessionView.swift */; };
		0FFF45C1239DA44400327FA4 /* SignInView.swift in Sources */ = {isa = PBXBuildFile; fileRef = 0FFF45C0239DA44400327FA4 /* SignInView.swift */; };
		0FFF45C5239DB98700327FA4 /* User.swift in Sources */ = {isa = PBXBuildFile; fileRef = 0FFF45C4239DB98700327FA4 /* User.swift */; };
		EB0EDC8D984B073D9807EE0E /* Pods_SwiftUI_List.framework in Frameworks */ = {isa = PBXBuildFile; fileRef = 1F4447EDB0BEA0022245AD68 /* Pods_SwiftUI_List.framework */; };
/* End PBXBuildFile section */

/* Begin PBXFileReference section */
		0BEFFFBBD2AC305FA5340784 /* Pods-SwiftUI-List.release.xcconfig */ = {isa = PBXFileReference; includeInIndex = 1; lastKnownFileType = text.xcconfig; name = "Pods-SwiftUI-List.release.xcconfig"; path = "Target Support Files/Pods-SwiftUI-List/Pods-SwiftUI-List.release.xcconfig"; sourceTree = "<group>"; };
		0F0D20FA238B15C3009F30EA /* loader.json */ = {isa = PBXFileReference; fileEncoding = 4; lastKnownFileType = text.json; path = loader.json; sourceTree = "<group>"; };
		0F0E5DD9239BF6560015AE3E /* MenuView.swift */ = {isa = PBXFileReference; lastKnownFileType = sourcecode.swift; path = MenuView.swift; sourceTree = "<group>"; };
		0F0E5DDB239BFF860015AE3E /* MenuRowView.swift */ = {isa = PBXFileReference; lastKnownFileType = sourcecode.swift; path = MenuRowView.swift; sourceTree = "<group>"; };
		0F137A09239D95EB00EC6780 /* GoogleService-Info.plist */ = {isa = PBXFileReference; fileEncoding = 4; lastKnownFileType = text.plist.xml; path = "GoogleService-Info.plist"; sourceTree = "<group>"; };
		0F283C3D2389C5BA0017F3AA /* WebViewYoutube.swift */ = {isa = PBXFileReference; lastKnownFileType = sourcecode.swift; path = WebViewYoutube.swift; sourceTree = "<group>"; };
		0F5F89F3239F0E9C003ABEAA /* SignUpView.swift */ = {isa = PBXFileReference; lastKnownFileType = sourcecode.swift; path = SignUpView.swift; sourceTree = "<group>"; };
		0F5F89F5239F0ED6003ABEAA /* AuthView.swift */ = {isa = PBXFileReference; lastKnownFileType = sourcecode.swift; path = AuthView.swift; sourceTree = "<group>"; };
		0F63E98A23985FBC009A0386 /* LaunchScreenCustom.swift */ = {isa = PBXFileReference; fileEncoding = 4; lastKnownFileType = sourcecode.swift; path = LaunchScreenCustom.swift; sourceTree = "<group>"; };
		0F63E98C23985FD4009A0386 /* HomeView.swift */ = {isa = PBXFileReference; fileEncoding = 4; lastKnownFileType = sourcecode.swift; path = HomeView.swift; sourceTree = "<group>"; };
		0F63E98E2398615A009A0386 /* LaunchScreenEmpty.storyboard */ = {isa = PBXFileReference; lastKnownFileType = file.storyboard; path = LaunchScreenEmpty.storyboard; sourceTree = "<group>"; };
		0F76870A23815E0F0023D5D8 /* CharacterView.swift */ = {isa = PBXFileReference; lastKnownFileType = sourcecode.swift; path = CharacterView.swift; sourceTree = "<group>"; };
		0F76870E238170910023D5D8 /* SimpsonList.swift */ = {isa = PBXFileReference; lastKnownFileType = sourcecode.swift; path = SimpsonList.swift; sourceTree = "<group>"; };
		0F768710238175190023D5D8 /* CharacterDetailView.swift */ = {isa = PBXFileReference; lastKnownFileType = sourcecode.swift; path = CharacterDetailView.swift; sourceTree = "<group>"; };
		0F7D8F9423836A030062B89C /* CellQuoteView.swift */ = {isa = PBXFileReference; lastKnownFileType = sourcecode.swift; path = CellQuoteView.swift; sourceTree = "<group>"; };
		0F7D8F9623836CC70062B89C /* videoList.json */ = {isa = PBXFileReference; fileEncoding = 4; lastKnownFileType = text.json; path = videoList.json; sourceTree = "<group>"; };
		0F7D8F9823836E220062B89C /* Video.swift */ = {isa = PBXFileReference; lastKnownFileType = sourcecode.swift; path = Video.swift; sourceTree = "<group>"; };
		0F7D8F9A2384A6E90062B89C /* PlayerVideoView.swift */ = {isa = PBXFileReference; lastKnownFileType = sourcecode.swift; path = PlayerVideoView.swift; sourceTree = "<group>"; };
		0F7D8F9E2384B81A0062B89C /* ModalVideoView.swift */ = {isa = PBXFileReference; lastKnownFileType = sourcecode.swift; path = ModalVideoView.swift; sourceTree = "<group>"; };
		0F7D8FA42384E8890062B89C /* CircularSpringfieldImage.swift */ = {isa = PBXFileReference; lastKnownFileType = sourcecode.swift; path = CircularSpringfieldImage.swift; sourceTree = "<group>"; };
		0F7D8FA62384EB8F0062B89C /* ImagePortHome.swift */ = {isa = PBXFileReference; lastKnownFileType = sourcecode.swift; path = ImagePortHome.swift; sourceTree = "<group>"; };
		0FE29E83238029FF00BC68C2 /* Simpsonizate.app */ = {isa = PBXFileReference; explicitFileType = wrapper.application; includeInIndex = 0; path = Simpsonizate.app; sourceTree = BUILT_PRODUCTS_DIR; };
		0FE29E86238029FF00BC68C2 /* AppDelegate.swift */ = {isa = PBXFileReference; lastKnownFileType = sourcecode.swift; path = AppDelegate.swift; sourceTree = "<group>"; };
		0FE29E88238029FF00BC68C2 /* SceneDelegate.swift */ = {isa = PBXFileReference; lastKnownFileType = sourcecode.swift; path = SceneDelegate.swift; sourceTree = "<group>"; };
		0FE29E8C23802A0000BC68C2 /* Assets.xcassets */ = {isa = PBXFileReference; lastKnownFileType = folder.assetcatalog; path = Assets.xcassets; sourceTree = "<group>"; };
		0FE29E8F23802A0000BC68C2 /* Preview Assets.xcassets */ = {isa = PBXFileReference; lastKnownFileType = folder.assetcatalog; path = "Preview Assets.xcassets"; sourceTree = "<group>"; };
		0FE29E9423802A0000BC68C2 /* Info.plist */ = {isa = PBXFileReference; lastKnownFileType = text.plist.xml; path = Info.plist; sourceTree = "<group>"; };
		0FE29EAD2380388500BC68C2 /* QuotesDAO.swift */ = {isa = PBXFileReference; lastKnownFileType = sourcecode.swift; path = QuotesDAO.swift; sourceTree = "<group>"; };
		0FE29EAF2380391B00BC68C2 /* Quote.swift */ = {isa = PBXFileReference; lastKnownFileType = sourcecode.swift; path = Quote.swift; sourceTree = "<group>"; };
		0FE29EB123808CCB00BC68C2 /* QuotesView.swift */ = {isa = PBXFileReference; lastKnownFileType = sourcecode.swift; path = QuotesView.swift; sourceTree = "<group>"; };
		0FE29EB5238097CE00BC68C2 /* PortDetailImage.swift */ = {isa = PBXFileReference; lastKnownFileType = sourcecode.swift; path = PortDetailImage.swift; sourceTree = "<group>"; };
		0FE29EBB2380A83F00BC68C2 /* characters.json */ = {isa = PBXFileReference; fileEncoding = 4; lastKnownFileType = text.json; path = characters.json; sourceTree = "<group>"; };
		0FE29EBD2380D42800BC68C2 /* Character.swift */ = {isa = PBXFileReference; lastKnownFileType = sourcecode.swift; path = Character.swift; sourceTree = "<group>"; };
		0FE29EC02380D4AC00BC68C2 /* DataService.swift */ = {isa = PBXFileReference; lastKnownFileType = sourcecode.swift; path = DataService.swift; sourceTree = "<group>"; };
		0FF4B5BD238F031F00C095ED /* DrawView.swift */ = {isa = PBXFileReference; lastKnownFileType = sourcecode.swift; path = DrawView.swift; sourceTree = "<group>"; };
		0FF4B5BF238F080900C095ED /* PKCanvasView.swift */ = {isa = PBXFileReference; lastKnownFileType = sourcecode.swift; path = PKCanvasView.swift; sourceTree = "<group>"; };
		0FFF45BC239D9BFD00327FA4 /* LoginView.swift */ = {isa = PBXFileReference; lastKnownFileType = sourcecode.swift; path = LoginView.swift; sourceTree = "<group>"; };
		0FFF45BE239D9D2600327FA4 /* SessionView.swift */ = {isa = PBXFileReference; lastKnownFileType = sourcecode.swift; path = SessionView.swift; sourceTree = "<group>"; };
		0FFF45C0239DA44400327FA4 /* SignInView.swift */ = {isa = PBXFileReference; lastKnownFileType = sourcecode.swift; path = SignInView.swift; sourceTree = "<group>"; };
		0FFF45C4239DB98700327FA4 /* User.swift */ = {isa = PBXFileReference; lastKnownFileType = sourcecode.swift; path = User.swift; sourceTree = "<group>"; };
		1F4447EDB0BEA0022245AD68 /* Pods_SwiftUI_List.framework */ = {isa = PBXFileReference; explicitFileType = wrapper.framework; includeInIndex = 0; path = Pods_SwiftUI_List.framework; sourceTree = BUILT_PRODUCTS_DIR; };
		CE48FD21987C235C0E948E9B /* Pods-SwiftUI-List.debug.xcconfig */ = {isa = PBXFileReference; includeInIndex = 1; lastKnownFileType = text.xcconfig; name = "Pods-SwiftUI-List.debug.xcconfig"; path = "Target Support Files/Pods-SwiftUI-List/Pods-SwiftUI-List.debug.xcconfig"; sourceTree = "<group>"; };
/* End PBXFileReference section */

/* Begin PBXFrameworksBuildPhase section */
		0FE29E80238029FF00BC68C2 /* Frameworks */ = {
			isa = PBXFrameworksBuildPhase;
			buildActionMask = 2147483647;
			files = (
				0FE29EA82380379300BC68C2 /* SDWebImageSwiftUI in Frameworks */,
				0FE29EA52380370200BC68C2 /* SwiftyJSON in Frameworks */,
				0FE29EA2238036B000BC68C2 /* Alamofire in Frameworks */,
				0F0D20F1238ABCD9009F30EA /* Lottie in Frameworks */,
				EB0EDC8D984B073D9807EE0E /* Pods_SwiftUI_List.framework in Frameworks */,
			);
			runOnlyForDeploymentPostprocessing = 0;
		};
/* End PBXFrameworksBuildPhase section */

/* Begin PBXGroup section */
		0F5F89EA239F0B4C003ABEAA /* Loggin */ = {
			isa = PBXGroup;
			children = (
				0FFF45BE239D9D2600327FA4 /* SessionView.swift */,
			);
			path = Loggin;
			sourceTree = "<group>";
		};
		0F5F89EC239F0B74003ABEAA /* Home */ = {
			isa = PBXGroup;
			children = (
				0F5F89ED239F0BAE003ABEAA /* Menu */,
				0FE29EB5238097CE00BC68C2 /* PortDetailImage.swift */,
				0F7D8FA42384E8890062B89C /* CircularSpringfieldImage.swift */,
				0F7D8FA62384EB8F0062B89C /* ImagePortHome.swift */,
			);
			name = Home;
			sourceTree = "<group>";
		};
		0F5F89ED239F0BAE003ABEAA /* Menu */ = {
			isa = PBXGroup;
			children = (
				0F0E5DD9239BF6560015AE3E /* MenuView.swift */,
				0F0E5DDB239BFF860015AE3E /* MenuRowView.swift */,
			);
			path = Menu;
			sourceTree = "<group>";
		};
		0F5F89EE239F0BCF003ABEAA /* Player */ = {
			isa = PBXGroup;
			children = (
				0F283C3D2389C5BA0017F3AA /* WebViewYoutube.swift */,
				0F7D8F9A2384A6E90062B89C /* PlayerVideoView.swift */,
			);
			name = Player;
			sourceTree = "<group>";
		};
		0F5F89EF239F0BEA003ABEAA /* Quotes */ = {
			isa = PBXGroup;
			children = (
				0F7D8F9423836A030062B89C /* CellQuoteView.swift */,
			);
			path = Quotes;
			sourceTree = "<group>";
		};
		0F5F89F0239F0BF6003ABEAA /* Draw */ = {
			isa = PBXGroup;
			children = (
				0FF4B5BF238F080900C095ED /* PKCanvasView.swift */,
			);
			name = Draw;
			sourceTree = "<group>";
		};
		0F5F89F1239F0C06003ABEAA /* Character */ = {
			isa = PBXGroup;
			children = (
				0F76870A23815E0F0023D5D8 /* CharacterView.swift */,
			);
			path = Character;
			sourceTree = "<group>";
		};
		0F5F89F2239F0E63003ABEAA /* Login */ = {
			isa = PBXGroup;
			children = (
				0FFF45BC239D9BFD00327FA4 /* LoginView.swift */,
				0F5F89F5239F0ED6003ABEAA /* AuthView.swift */,
				0FFF45C0239DA44400327FA4 /* SignInView.swift */,
				0F5F89F3239F0E9C003ABEAA /* SignUpView.swift */,
			);
			path = Login;
			sourceTree = "<group>";
		};
		0FE29E7A238029FF00BC68C2 = {
			isa = PBXGroup;
			children = (
				0FE29E85238029FF00BC68C2 /* SwiftUI-List */,
				0FE29E84238029FF00BC68C2 /* Products */,
				CC4255F6C37F03217DA1C194 /* Pods */,
				23783A910BB5F38D73E35EE7 /* Frameworks */,
			);
			sourceTree = "<group>";
		};
		0FE29E84238029FF00BC68C2 /* Products */ = {
			isa = PBXGroup;
			children = (
				0FE29E83238029FF00BC68C2 /* Simpsonizate.app */,
			);
			name = Products;
			sourceTree = "<group>";
		};
		0FE29E85238029FF00BC68C2 /* SwiftUI-List */ = {
			isa = PBXGroup;
			children = (
				0FE29EB42380974C00BC68C2 /* resourses */,
				0FE29EB723809D6100BC68C2 /* viewControllers */,
				0FE29EB32380972A00BC68C2 /* views */,
				0FE29EAC2380386F00BC68C2 /* models */,
				0FE29EBF2380D49700BC68C2 /* service */,
				0FE29EAB2380386200BC68C2 /* dao */,
				0FE29E8E23802A0000BC68C2 /* Preview Content */,
			);
			path = "SwiftUI-List";
			sourceTree = "<group>";
		};
		0FE29E8E23802A0000BC68C2 /* Preview Content */ = {
			isa = PBXGroup;
			children = (
				0FE29E8F23802A0000BC68C2 /* Preview Assets.xcassets */,
			);
			path = "Preview Content";
			sourceTree = "<group>";
		};
		0FE29EAB2380386200BC68C2 /* dao */ = {
			isa = PBXGroup;
			children = (
				0FE29EAD2380388500BC68C2 /* QuotesDAO.swift */,
			);
			name = dao;
			sourceTree = "<group>";
		};
		0FE29EAC2380386F00BC68C2 /* models */ = {
			isa = PBXGroup;
			children = (
				0FE29EAF2380391B00BC68C2 /* Quote.swift */,
				0FE29EBD2380D42800BC68C2 /* Character.swift */,
				0F7D8F9823836E220062B89C /* Video.swift */,
				0FFF45C4239DB98700327FA4 /* User.swift */,
			);
			path = models;
			sourceTree = "<group>";
		};
		0FE29EB32380972A00BC68C2 /* views */ = {
			isa = PBXGroup;
			children = (
				0F5F89F1239F0C06003ABEAA /* Character */,
				0F5F89F0239F0BF6003ABEAA /* Draw */,
				0F5F89EF239F0BEA003ABEAA /* Quotes */,
				0F5F89EE239F0BCF003ABEAA /* Player */,
				0F5F89EC239F0B74003ABEAA /* Home */,
				0F5F89EA239F0B4C003ABEAA /* Loggin */,
			);
			name = views;
			sourceTree = "<group>";
		};
		0FE29EB42380974C00BC68C2 /* resourses */ = {
			isa = PBXGroup;
			children = (
				0FFF45C2239DB92F00327FA4 /* Jsons */,
				0FE29E8C23802A0000BC68C2 /* Assets.xcassets */,
				0FE29E86238029FF00BC68C2 /* AppDelegate.swift */,
				0FE29E88238029FF00BC68C2 /* SceneDelegate.swift */,
				0F63E98E2398615A009A0386 /* LaunchScreenEmpty.storyboard */,
			);
			path = resourses;
			sourceTree = "<group>";
		};
		0FE29EB723809D6100BC68C2 /* viewControllers */ = {
			isa = PBXGroup;
			children = (
				0F5F89F2239F0E63003ABEAA /* Login */,
				0F63E98A23985FBC009A0386 /* LaunchScreenCustom.swift */,
				0F63E98C23985FD4009A0386 /* HomeView.swift */,
				0FE29EB123808CCB00BC68C2 /* QuotesView.swift */,
				0F76870E238170910023D5D8 /* SimpsonList.swift */,
				0F768710238175190023D5D8 /* CharacterDetailView.swift */,
				0F7D8F9E2384B81A0062B89C /* ModalVideoView.swift */,
				0FF4B5BD238F031F00C095ED /* DrawView.swift */,
			);
			name = viewControllers;
			sourceTree = "<group>";
		};
		0FE29EBF2380D49700BC68C2 /* service */ = {
			isa = PBXGroup;
			children = (
				0FE29EC02380D4AC00BC68C2 /* DataService.swift */,
			);
			name = service;
			sourceTree = "<group>";
		};
		0FFF45C2239DB92F00327FA4 /* Jsons */ = {
			isa = PBXGroup;
			children = (
				0FE29E9423802A0000BC68C2 /* Info.plist */,
				0F137A09239D95EB00EC6780 /* GoogleService-Info.plist */,
				0F0D20FA238B15C3009F30EA /* loader.json */,
				0F7D8F9623836CC70062B89C /* videoList.json */,
				0FE29EBB2380A83F00BC68C2 /* characters.json */,
			);
			name = Jsons;
			sourceTree = "<group>";
		};
		23783A910BB5F38D73E35EE7 /* Frameworks */ = {
			isa = PBXGroup;
			children = (
				1F4447EDB0BEA0022245AD68 /* Pods_SwiftUI_List.framework */,
			);
			name = Frameworks;
			sourceTree = "<group>";
		};
		CC4255F6C37F03217DA1C194 /* Pods */ = {
			isa = PBXGroup;
			children = (
				CE48FD21987C235C0E948E9B /* Pods-SwiftUI-List.debug.xcconfig */,
				0BEFFFBBD2AC305FA5340784 /* Pods-SwiftUI-List.release.xcconfig */,
			);
			path = Pods;
			sourceTree = "<group>";
		};
/* End PBXGroup section */

/* Begin PBXNativeTarget section */
		0FE29E82238029FF00BC68C2 /* SwiftUI-List */ = {
			isa = PBXNativeTarget;
			buildConfigurationList = 0FE29E9723802A0000BC68C2 /* Build configuration list for PBXNativeTarget "SwiftUI-List" */;
			buildPhases = (
				ECA408862889B23E0DE981F9 /* [CP] Check Pods Manifest.lock */,
				0FE29E7F238029FF00BC68C2 /* Sources */,
				0FE29E80238029FF00BC68C2 /* Frameworks */,
				0FE29E81238029FF00BC68C2 /* Resources */,
				DEF29E4961BED94E9DB4F13A /* [CP] Embed Pods Frameworks */,
			);
			buildRules = (
			);
			dependencies = (
			);
			name = "SwiftUI-List";
			packageProductDependencies = (
				0FE29EA1238036B000BC68C2 /* Alamofire */,
				0FE29EA42380370200BC68C2 /* SwiftyJSON */,
				0FE29EA72380379300BC68C2 /* SDWebImageSwiftUI */,
				0F0D20F0238ABCD9009F30EA /* Lottie */,
			);
			productName = "SwiftUI-List";
			productReference = 0FE29E83238029FF00BC68C2 /* Simpsonizate.app */;
			productType = "com.apple.product-type.application";
		};
/* End PBXNativeTarget section */

/* Begin PBXProject section */
		0FE29E7B238029FF00BC68C2 /* Project object */ = {
			isa = PBXProject;
			attributes = {
				LastSwiftUpdateCheck = 1100;
				LastUpgradeCheck = 1100;
				ORGANIZATIONNAME = nistsugaDev;
				TargetAttributes = {
					0FE29E82238029FF00BC68C2 = {
						CreatedOnToolsVersion = 11.0;
					};
				};
			};
			buildConfigurationList = 0FE29E7E238029FF00BC68C2 /* Build configuration list for PBXProject "SwiftUI-List" */;
			compatibilityVersion = "Xcode 11.0";
			developmentRegion = en;
			hasScannedForEncodings = 0;
			knownRegions = (
				en,
				Base,
			);
			mainGroup = 0FE29E7A238029FF00BC68C2;
			packageReferences = (
				0FE29EA0238036B000BC68C2 /* XCRemoteSwiftPackageReference "Alamofire" */,
				0FE29EA32380370200BC68C2 /* XCRemoteSwiftPackageReference "SwiftyJSON" */,
				0FE29EA62380379300BC68C2 /* XCRemoteSwiftPackageReference "SDWebImageSwiftUI" */,
				0F0D20EF238ABCD9009F30EA /* XCRemoteSwiftPackageReference "lottie-ios" */,
			);
			productRefGroup = 0FE29E84238029FF00BC68C2 /* Products */;
			projectDirPath = "";
			projectRoot = "";
			targets = (
				0FE29E82238029FF00BC68C2 /* SwiftUI-List */,
			);
		};
/* End PBXProject section */

/* Begin PBXResourcesBuildPhase section */
		0FE29E81238029FF00BC68C2 /* Resources */ = {
			isa = PBXResourcesBuildPhase;
			buildActionMask = 2147483647;
			files = (
				0F0D20FB238B15C3009F30EA /* loader.json in Resources */,
				0FE29E9023802A0000BC68C2 /* Preview Assets.xcassets in Resources */,
				0F7D8F9723836CC70062B89C /* videoList.json in Resources */,
				0FE29E8D23802A0000BC68C2 /* Assets.xcassets in Resources */,
				0FE29EBC2380A83F00BC68C2 /* characters.json in Resources */,
				0F63E98F2398615A009A0386 /* LaunchScreenEmpty.storyboard in Resources */,
				0F137A0A239D95EB00EC6780 /* GoogleService-Info.plist in Resources */,
			);
			runOnlyForDeploymentPostprocessing = 0;
		};
/* End PBXResourcesBuildPhase section */

/* Begin PBXShellScriptBuildPhase section */
		DEF29E4961BED94E9DB4F13A /* [CP] Embed Pods Frameworks */ = {
			isa = PBXShellScriptBuildPhase;
			buildActionMask = 2147483647;
			files = (
			);
			inputFileListPaths = (
				"${PODS_ROOT}/Target Support Files/Pods-SwiftUI-List/Pods-SwiftUI-List-frameworks-${CONFIGURATION}-input-files.xcfilelist",
			);
			name = "[CP] Embed Pods Frameworks";
			outputFileListPaths = (
				"${PODS_ROOT}/Target Support Files/Pods-SwiftUI-List/Pods-SwiftUI-List-frameworks-${CONFIGURATION}-output-files.xcfilelist",
			);
			runOnlyForDeploymentPostprocessing = 0;
			shellPath = /bin/sh;
			shellScript = "\"${PODS_ROOT}/Target Support Files/Pods-SwiftUI-List/Pods-SwiftUI-List-frameworks.sh\"\n";
			showEnvVarsInLog = 0;
		};
		ECA408862889B23E0DE981F9 /* [CP] Check Pods Manifest.lock */ = {
			isa = PBXShellScriptBuildPhase;
			buildActionMask = 2147483647;
			files = (
			);
			inputFileListPaths = (
			);
			inputPaths = (
				"${PODS_PODFILE_DIR_PATH}/Podfile.lock",
				"${PODS_ROOT}/Manifest.lock",
			);
			name = "[CP] Check Pods Manifest.lock";
			outputFileListPaths = (
			);
			outputPaths = (
				"$(DERIVED_FILE_DIR)/Pods-SwiftUI-List-checkManifestLockResult.txt",
			);
			runOnlyForDeploymentPostprocessing = 0;
			shellPath = /bin/sh;
			shellScript = "diff \"${PODS_PODFILE_DIR_PATH}/Podfile.lock\" \"${PODS_ROOT}/Manifest.lock\" > /dev/null\nif [ $? != 0 ] ; then\n    # print error to STDERR\n    echo \"error: The sandbox is not in sync with the Podfile.lock. Run 'pod install' or update your CocoaPods installation.\" >&2\n    exit 1\nfi\n# This output is used by Xcode 'outputs' to avoid re-running this script phase.\necho \"SUCCESS\" > \"${SCRIPT_OUTPUT_FILE_0}\"\n";
			showEnvVarsInLog = 0;
		};
/* End PBXShellScriptBuildPhase section */

/* Begin PBXSourcesBuildPhase section */
		0FE29E7F238029FF00BC68C2 /* Sources */ = {
			isa = PBXSourcesBuildPhase;
			buildActionMask = 2147483647;
			files = (
				0FE29EC12380D4AC00BC68C2 /* DataService.swift in Sources */,
				0F63E98D23985FD4009A0386 /* HomeView.swift in Sources */,
				0FF4B5BE238F031F00C095ED /* DrawView.swift in Sources */,
				0F7D8F9523836A030062B89C /* CellQuoteView.swift in Sources */,
				0F283C3E2389C5BA0017F3AA /* WebViewYoutube.swift in Sources */,
				0F76870F238170910023D5D8 /* SimpsonList.swift in Sources */,
				0F7D8FA72384EB8F0062B89C /* ImagePortHome.swift in Sources */,
				0FFF45BF239D9D2600327FA4 /* SessionView.swift in Sources */,
				0FFF45C5239DB98700327FA4 /* User.swift in Sources */,
				0F768711238175190023D5D8 /* CharacterDetailView.swift in Sources */,
				0F63E98B23985FBC009A0386 /* LaunchScreenCustom.swift in Sources */,
				0FE29EB223808CCB00BC68C2 /* QuotesView.swift in Sources */,
				0FFF45BD239D9BFD00327FA4 /* LoginView.swift in Sources */,
				0F0E5DDC239BFF860015AE3E /* MenuRowView.swift in Sources */,
				0F7D8F9923836E220062B89C /* Video.swift in Sources */,
				0FE29E87238029FF00BC68C2 /* AppDelegate.swift in Sources */,
				0FF4B5C0238F080900C095ED /* PKCanvasView.swift in Sources */,
				0FE29E89238029FF00BC68C2 /* SceneDelegate.swift in Sources */,
				0FE29EB02380391B00BC68C2 /* Quote.swift in Sources */,
				0FE29EAE2380388500BC68C2 /* QuotesDAO.swift in Sources */,
				0F7D8F9F2384B81A0062B89C /* ModalVideoView.swift in Sources */,
				0F76870B23815E0F0023D5D8 /* CharacterView.swift in Sources */,
				0F7D8FA52384E8890062B89C /* CircularSpringfieldImage.swift in Sources */,
				0FFF45C1239DA44400327FA4 /* SignInView.swift in Sources */,
				0F0E5DDA239BF6560015AE3E /* MenuView.swift in Sources */,
				0F7D8F9B2384A6E90062B89C /* PlayerVideoView.swift in Sources */,
				0F5F89F6239F0ED6003ABEAA /* AuthView.swift in Sources */,
				0F5F89F4239F0E9C003ABEAA /* SignUpView.swift in Sources */,
				0FE29EB6238097CE00BC68C2 /* PortDetailImage.swift in Sources */,
				0FE29EBE2380D42800BC68C2 /* Character.swift in Sources */,
			);
			runOnlyForDeploymentPostprocessing = 0;
		};
/* End PBXSourcesBuildPhase section */

/* Begin XCBuildConfiguration section */
		0FE29E9523802A0000BC68C2 /* Debug */ = {
			isa = XCBuildConfiguration;
			buildSettings = {
				ALWAYS_SEARCH_USER_PATHS = NO;
				CLANG_ANALYZER_NONNULL = YES;
				CLANG_ANALYZER_NUMBER_OBJECT_CONVERSION = YES_AGGRESSIVE;
				CLANG_CXX_LANGUAGE_STANDARD = "gnu++14";
				CLANG_CXX_LIBRARY = "libc++";
				CLANG_ENABLE_MODULES = YES;
				CLANG_ENABLE_OBJC_ARC = YES;
				CLANG_ENABLE_OBJC_WEAK = YES;
				CLANG_WARN_BLOCK_CAPTURE_AUTORELEASING = YES;
				CLANG_WARN_BOOL_CONVERSION = YES;
				CLANG_WARN_COMMA = YES;
				CLANG_WARN_CONSTANT_CONVERSION = YES;
				CLANG_WARN_DEPRECATED_OBJC_IMPLEMENTATIONS = YES;
				CLANG_WARN_DIRECT_OBJC_ISA_USAGE = YES_ERROR;
				CLANG_WARN_DOCUMENTATION_COMMENTS = YES;
				CLANG_WARN_EMPTY_BODY = YES;
				CLANG_WARN_ENUM_CONVERSION = YES;
				CLANG_WARN_INFINITE_RECURSION = YES;
				CLANG_WARN_INT_CONVERSION = YES;
				CLANG_WARN_NON_LITERAL_NULL_CONVERSION = YES;
				CLANG_WARN_OBJC_IMPLICIT_RETAIN_SELF = YES;
				CLANG_WARN_OBJC_LITERAL_CONVERSION = YES;
				CLANG_WARN_OBJC_ROOT_CLASS = YES_ERROR;
				CLANG_WARN_RANGE_LOOP_ANALYSIS = YES;
				CLANG_WARN_STRICT_PROTOTYPES = YES;
				CLANG_WARN_SUSPICIOUS_MOVE = YES;
				CLANG_WARN_UNGUARDED_AVAILABILITY = YES_AGGRESSIVE;
				CLANG_WARN_UNREACHABLE_CODE = YES;
				CLANG_WARN__DUPLICATE_METHOD_MATCH = YES;
				COPY_PHASE_STRIP = NO;
				DEBUG_INFORMATION_FORMAT = dwarf;
				ENABLE_STRICT_OBJC_MSGSEND = YES;
				ENABLE_TESTABILITY = YES;
				GCC_C_LANGUAGE_STANDARD = gnu11;
				GCC_DYNAMIC_NO_PIC = NO;
				GCC_NO_COMMON_BLOCKS = YES;
				GCC_OPTIMIZATION_LEVEL = 0;
				GCC_PREPROCESSOR_DEFINITIONS = (
					"DEBUG=1",
					"$(inherited)",
				);
				GCC_WARN_64_TO_32_BIT_CONVERSION = YES;
				GCC_WARN_ABOUT_RETURN_TYPE = YES_ERROR;
				GCC_WARN_UNDECLARED_SELECTOR = YES;
				GCC_WARN_UNINITIALIZED_AUTOS = YES_AGGRESSIVE;
				GCC_WARN_UNUSED_FUNCTION = YES;
				GCC_WARN_UNUSED_VARIABLE = YES;
				IPHONEOS_DEPLOYMENT_TARGET = 13.0;
				MTL_ENABLE_DEBUG_INFO = INCLUDE_SOURCE;
				MTL_FAST_MATH = YES;
				ONLY_ACTIVE_ARCH = YES;
				SDKROOT = iphoneos;
				SWIFT_ACTIVE_COMPILATION_CONDITIONS = DEBUG;
				SWIFT_OPTIMIZATION_LEVEL = "-Onone";
			};
			name = Debug;
		};
		0FE29E9623802A0000BC68C2 /* Release */ = {
			isa = XCBuildConfiguration;
			buildSettings = {
				ALWAYS_SEARCH_USER_PATHS = NO;
				CLANG_ANALYZER_NONNULL = YES;
				CLANG_ANALYZER_NUMBER_OBJECT_CONVERSION = YES_AGGRESSIVE;
				CLANG_CXX_LANGUAGE_STANDARD = "gnu++14";
				CLANG_CXX_LIBRARY = "libc++";
				CLANG_ENABLE_MODULES = YES;
				CLANG_ENABLE_OBJC_ARC = YES;
				CLANG_ENABLE_OBJC_WEAK = YES;
				CLANG_WARN_BLOCK_CAPTURE_AUTORELEASING = YES;
				CLANG_WARN_BOOL_CONVERSION = YES;
				CLANG_WARN_COMMA = YES;
				CLANG_WARN_CONSTANT_CONVERSION = YES;
				CLANG_WARN_DEPRECATED_OBJC_IMPLEMENTATIONS = YES;
				CLANG_WARN_DIRECT_OBJC_ISA_USAGE = YES_ERROR;
				CLANG_WARN_DOCUMENTATION_COMMENTS = YES;
				CLANG_WARN_EMPTY_BODY = YES;
				CLANG_WARN_ENUM_CONVERSION = YES;
				CLANG_WARN_INFINITE_RECURSION = YES;
				CLANG_WARN_INT_CONVERSION = YES;
				CLANG_WARN_NON_LITERAL_NULL_CONVERSION = YES;
				CLANG_WARN_OBJC_IMPLICIT_RETAIN_SELF = YES;
				CLANG_WARN_OBJC_LITERAL_CONVERSION = YES;
				CLANG_WARN_OBJC_ROOT_CLASS = YES_ERROR;
				CLANG_WARN_RANGE_LOOP_ANALYSIS = YES;
				CLANG_WARN_STRICT_PROTOTYPES = YES;
				CLANG_WARN_SUSPICIOUS_MOVE = YES;
				CLANG_WARN_UNGUARDED_AVAILABILITY = YES_AGGRESSIVE;
				CLANG_WARN_UNREACHABLE_CODE = YES;
				CLANG_WARN__DUPLICATE_METHOD_MATCH = YES;
				COPY_PHASE_STRIP = NO;
				DEBUG_INFORMATION_FORMAT = "dwarf-with-dsym";
				ENABLE_NS_ASSERTIONS = NO;
				ENABLE_STRICT_OBJC_MSGSEND = YES;
				GCC_C_LANGUAGE_STANDARD = gnu11;
				GCC_NO_COMMON_BLOCKS = YES;
				GCC_WARN_64_TO_32_BIT_CONVERSION = YES;
				GCC_WARN_ABOUT_RETURN_TYPE = YES_ERROR;
				GCC_WARN_UNDECLARED_SELECTOR = YES;
				GCC_WARN_UNINITIALIZED_AUTOS = YES_AGGRESSIVE;
				GCC_WARN_UNUSED_FUNCTION = YES;
				GCC_WARN_UNUSED_VARIABLE = YES;
				IPHONEOS_DEPLOYMENT_TARGET = 13.0;
				MTL_ENABLE_DEBUG_INFO = NO;
				MTL_FAST_MATH = YES;
				SDKROOT = iphoneos;
				SWIFT_COMPILATION_MODE = wholemodule;
				SWIFT_OPTIMIZATION_LEVEL = "-O";
				VALIDATE_PRODUCT = YES;
			};
			name = Release;
		};
		0FE29E9823802A0000BC68C2 /* Debug */ = {
			isa = XCBuildConfiguration;
			baseConfigurationReference = CE48FD21987C235C0E948E9B /* Pods-SwiftUI-List.debug.xcconfig */;
			buildSettings = {
				ASSETCATALOG_COMPILER_APPICON_NAME = AppIcon;
				CODE_SIGN_STYLE = Automatic;
				DEVELOPMENT_ASSET_PATHS = "\"SwiftUI-List/Preview Content\"";
				DEVELOPMENT_TEAM = QT76JFT465;
				ENABLE_PREVIEWS = YES;
				INFOPLIST_FILE = "SwiftUI-List/resourses/Info.plist";
				LD_RUNPATH_SEARCH_PATHS = (
					"$(inherited)",
					"@executable_path/Frameworks",
				);
				PRODUCT_BUNDLE_IDENTIFIER = "nitsuga.dev.SwiftUI-List";
				PRODUCT_NAME = Simpsonizate;
				SWIFT_VERSION = 5.0;
				TARGETED_DEVICE_FAMILY = "1,2";
			};
			name = Debug;
		};
		0FE29E9923802A0000BC68C2 /* Release */ = {
			isa = XCBuildConfiguration;
			baseConfigurationReference = 0BEFFFBBD2AC305FA5340784 /* Pods-SwiftUI-List.release.xcconfig */;
			buildSettings = {
				ASSETCATALOG_COMPILER_APPICON_NAME = AppIcon;
				CODE_SIGN_STYLE = Automatic;
				DEVELOPMENT_ASSET_PATHS = "\"SwiftUI-List/Preview Content\"";
				DEVELOPMENT_TEAM = QT76JFT465;
				ENABLE_PREVIEWS = YES;
				INFOPLIST_FILE = "SwiftUI-List/resourses/Info.plist";
				LD_RUNPATH_SEARCH_PATHS = (
					"$(inherited)",
					"@executable_path/Frameworks",
				);
				PRODUCT_BUNDLE_IDENTIFIER = "nitsuga.dev.SwiftUI-List";
				PRODUCT_NAME = Simpsonizate;
				SWIFT_VERSION = 5.0;
				TARGETED_DEVICE_FAMILY = "1,2";
			};
			name = Release;
		};
/* End XCBuildConfiguration section */

/* Begin XCConfigurationList section */
		0FE29E7E238029FF00BC68C2 /* Build configuration list for PBXProject "SwiftUI-List" */ = {
			isa = XCConfigurationList;
			buildConfigurations = (
				0FE29E9523802A0000BC68C2 /* Debug */,
				0FE29E9623802A0000BC68C2 /* Release */,
			);
			defaultConfigurationIsVisible = 0;
			defaultConfigurationName = Release;
		};
		0FE29E9723802A0000BC68C2 /* Build configuration list for PBXNativeTarget "SwiftUI-List" */ = {
			isa = XCConfigurationList;
			buildConfigurations = (
				0FE29E9823802A0000BC68C2 /* Debug */,
				0FE29E9923802A0000BC68C2 /* Release */,
			);
			defaultConfigurationIsVisible = 0;
			defaultConfigurationName = Release;
		};
/* End XCConfigurationList section */

/* Begin XCRemoteSwiftPackageReference section */
		0F0D20EF238ABCD9009F30EA /* XCRemoteSwiftPackageReference "lottie-ios" */ = {
			isa = XCRemoteSwiftPackageReference;
			repositoryURL = "https://github.com/airbnb/lottie-ios.git";
			requirement = {
				kind = upToNextMajorVersion;
				minimumVersion = 3.1.5;
			};
		};
		0FE29EA0238036B000BC68C2 /* XCRemoteSwiftPackageReference "Alamofire" */ = {
			isa = XCRemoteSwiftPackageReference;
			repositoryURL = "https://github.com/Alamofire/Alamofire.git";
			requirement = {
				kind = upToNextMajorVersion;
				minimumVersion = 4.9.1;
			};
		};
		0FE29EA32380370200BC68C2 /* XCRemoteSwiftPackageReference "SwiftyJSON" */ = {
			isa = XCRemoteSwiftPackageReference;
			repositoryURL = "https://github.com/SwiftyJSON/SwiftyJSON.git";
			requirement = {
				kind = upToNextMajorVersion;
				minimumVersion = 5.0.0;
			};
		};
		0FE29EA62380379300BC68C2 /* XCRemoteSwiftPackageReference "SDWebImageSwiftUI" */ = {
			isa = XCRemoteSwiftPackageReference;
			repositoryURL = "https://github.com/SDWebImage/SDWebImageSwiftUI.git";
			requirement = {
				kind = upToNextMajorVersion;
				minimumVersion = 0.8.5;
			};
		};
/* End XCRemoteSwiftPackageReference section */

/* Begin XCSwiftPackageProductDependency section */
		0F0D20F0238ABCD9009F30EA /* Lottie */ = {
			isa = XCSwiftPackageProductDependency;
			package = 0F0D20EF238ABCD9009F30EA /* XCRemoteSwiftPackageReference "lottie-ios" */;
			productName = Lottie;
		};
		0FE29EA1238036B000BC68C2 /* Alamofire */ = {
			isa = XCSwiftPackageProductDependency;
			package = 0FE29EA0238036B000BC68C2 /* XCRemoteSwiftPackageReference "Alamofire" */;
			productName = Alamofire;
		};
		0FE29EA42380370200BC68C2 /* SwiftyJSON */ = {
			isa = XCSwiftPackageProductDependency;
			package = 0FE29EA32380370200BC68C2 /* XCRemoteSwiftPackageReference "SwiftyJSON" */;
			productName = SwiftyJSON;
		};
		0FE29EA72380379300BC68C2 /* SDWebImageSwiftUI */ = {
			isa = XCSwiftPackageProductDependency;
			package = 0FE29EA62380379300BC68C2 /* XCRemoteSwiftPackageReference "SDWebImageSwiftUI" */;
			productName = SDWebImageSwiftUI;
		};
/* End XCSwiftPackageProductDependency section */
	};
	rootObject = 0FE29E7B238029FF00BC68C2 /* Project object */;
}
